
Microsoft Visual Studio Solution File, Format Version 11.00
# Visual Studio 2010
Project("{FAE04EC0-301F-11D3-BF4B-00C04F79EFBC}") = "BlackScholes.Console.VS2010", "BlackScholes.Console\BlackScholes.Console.VS2010.csproj", "{5541B81A-3909-4018-803A-07760273282A}"
EndProject
Project("{FAE04EC0-301F-11D3-BF4B-00C04F79EFBC}") = "BlackScholes.WinForms.VS2010", "BlackScholes.WinForms\BlackScholes.WinForms.VS2010.csproj", "{5806EC3D-9003-46B8-BC5C-26CF51840DF8}"
EndProject
Project("{FAE04EC0-301F-11D3-BF4B-00C04F79EFBC}") = "LinearAlgebra.Library.VS2010", "LinearAlgebra.Library\LinearAlgebra.Library.VS2010.csproj", "{FAA0452D-5BC6-49B0-AF47-72FA92266803}"
EndProject
Project("{FAE04EC0-301F-11D3-BF4B-00C04F79EFBC}") = "Reduction.Console.VS2010", "Reduction.Console\Reduction.Console.VS2010.csproj", "{18F06E16-909F-41AE-BEDF-361C2CC3DE8A}"
EndProject
Project("{FAE04EC0-301F-11D3-BF4B-00C04F79EFBC}") = "MonteCarlo.Library.VS2010", "MonteCarlo.Library\MonteCarlo.Library.VS2010.csproj", "{5C025A5B-2E17-472B-872E-C0570C02D576}"
EndProject
Project("{FAE04EC0-301F-11D3-BF4B-00C04F79EFBC}") = "MonteCarlo.Console.VS2010", "MonteCarlo.Console\MonteCarlo.Console.VS2010.csproj", "{655A437B-E6F9-4F40-923C-0FDB445C5280}"
EndProject
Project("{FAE04EC0-301F-11D3-BF4B-00C04F79EFBC}") = "UnitTesting.Test.VS2010", "UnitTesting.Test\UnitTesting.Test.VS2010.csproj", "{ED6626D8-6BD4-4708-ACD3-291D353D7F4B}"
EndProject
Global
	GlobalSection(SolutionConfigurationPlatforms) = preSolution
		Debug|Any CPU = Debug|Any CPU
		Debug|Mixed Platforms = Debug|Mixed Platforms
		Debug|x86 = Debug|x86
		Release|Any CPU = Release|Any CPU
		Release|Mixed Platforms = Release|Mixed Platforms
		Release|x86 = Release|x86
	EndGlobalSection
	GlobalSection(ProjectConfigurationPlatforms) = postSolution
		{5541B81A-3909-4018-803A-07760273282A}.Debug|Any CPU.ActiveCfg = Release|x86
		{5541B81A-3909-4018-803A-07760273282A}.Debug|Mixed Platforms.ActiveCfg = Release|x86
		{5541B81A-3909-4018-803A-07760273282A}.Debug|Mixed Platforms.Build.0 = Release|x86
		{5541B81A-3909-4018-803A-07760273282A}.Debug|x86.ActiveCfg = Release|x86
		{5541B81A-3909-4018-803A-07760273282A}.Debug|x86.Build.0 = Release|x86
		{5541B81A-3909-4018-803A-07760273282A}.Release|Any CPU.ActiveCfg = Release|x86
		{5541B81A-3909-4018-803A-07760273282A}.Release|Mixed Platforms.ActiveCfg = Release|x86
		{5541B81A-3909-4018-803A-07760273282A}.Release|Mixed Platforms.Build.0 = Release|x86
		{5541B81A-3909-4018-803A-07760273282A}.Release|x86.ActiveCfg = Release|x86
		{5541B81A-3909-4018-803A-07760273282A}.Release|x86.Build.0 = Release|x86
		{5806EC3D-9003-46B8-BC5C-26CF51840DF8}.Debug|Any CPU.ActiveCfg = Debug|Any CPU
		{5806EC3D-9003-46B8-BC5C-26CF51840DF8}.Debug|Any CPU.Build.0 = Debug|Any CPU
		{5806EC3D-9003-46B8-BC5C-26CF51840DF8}.Debug|Mixed Platforms.ActiveCfg = Debug|Any CPU
		{5806EC3D-9003-46B8-BC5C-26CF51840DF8}.Debug|Mixed Platforms.Build.0 = Debug|Any CPU
		{5806EC3D-9003-46B8-BC5C-26CF51840DF8}.Debug|x86.ActiveCfg = Debug|Any CPU
		{5806EC3D-9003-46B8-BC5C-26CF51840DF8}.Release|Any CPU.ActiveCfg = Release|Any CPU
		{5806EC3D-9003-46B8-BC5C-26CF51840DF8}.Release|Any CPU.Build.0 = Release|Any CPU
		{5806EC3D-9003-46B8-BC5C-26CF51840DF8}.Release|Mixed Platforms.ActiveCfg = Release|Any CPU
		{5806EC3D-9003-46B8-BC5C-26CF51840DF8}.Release|Mixed Platforms.Build.0 = Release|Any CPU
		{5806EC3D-9003-46B8-BC5C-26CF51840DF8}.Release|x86.ActiveCfg = Release|Any CPU
		{FAA0452D-5BC6-49B0-AF47-72FA92266803}.Debug|Any CPU.ActiveCfg = Debug|x86
		{FAA0452D-5BC6-49B0-AF47-72FA92266803}.Debug|Mixed Platforms.ActiveCfg = Debug|x86
		{FAA0452D-5BC6-49B0-AF47-72FA92266803}.Debug|Mixed Platforms.Build.0 = Debug|x86
		{FAA0452D-5BC6-49B0-AF47-72FA92266803}.Debug|x86.ActiveCfg = Debug|x86
		{FAA0452D-5BC6-49B0-AF47-72FA92266803}.Debug|x86.Build.0 = Debug|x86
		{FAA0452D-5BC6-49B0-AF47-72FA92266803}.Release|Any CPU.ActiveCfg = Release|x86
		{FAA0452D-5BC6-49B0-AF47-72FA92266803}.Release|Mixed Platforms.ActiveCfg = Release|x86
		{FAA0452D-5BC6-49B0-AF47-72FA92266803}.Release|Mixed Platforms.Build.0 = Release|x86
		{FAA0452D-5BC6-49B0-AF47-72FA92266803}.Release|x86.ActiveCfg = Release|x86
		{FAA0452D-5BC6-49B0-AF47-72FA92266803}.Release|x86.Build.0 = Release|x86
		{18F06E16-909F-41AE-BEDF-361C2CC3DE8A}.Debug|Any CPU.ActiveCfg = Debug|Any CPU
		{18F06E16-909F-41AE-BEDF-361C2CC3DE8A}.Debug|Any CPU.Build.0 = Debug|Any CPU
		{18F06E16-909F-41AE-BEDF-361C2CC3DE8A}.Debug|Mixed Platforms.ActiveCfg = Debug|Any CPU
		{18F06E16-909F-41AE-BEDF-361C2CC3DE8A}.Debug|Mixed Platforms.Build.0 = Debug|Any CPU
		{18F06E16-909F-41AE-BEDF-361C2CC3DE8A}.Debug|x86.ActiveCfg = Debug|Any CPU
		{18F06E16-909F-41AE-BEDF-361C2CC3DE8A}.Release|Any CPU.ActiveCfg = Release|Any CPU
		{18F06E16-909F-41AE-BEDF-361C2CC3DE8A}.Release|Any CPU.Build.0 = Release|Any CPU
		{18F06E16-909F-41AE-BEDF-361C2CC3DE8A}.Release|Mixed Platforms.ActiveCfg = Release|Any CPU
		{18F06E16-909F-41AE-BEDF-361C2CC3DE8A}.Release|Mixed Platforms.Build.0 = Release|Any CPU
		{18F06E16-909F-41AE-BEDF-361C2CC3DE8A}.Release|x86.ActiveCfg = Release|Any CPU
		{5C025A5B-2E17-472B-872E-C0570C02D576}.Debug|Any CPU.ActiveCfg = Debug|Any CPU
		{5C025A5B-2E17-472B-872E-C0570C02D576}.Debug|Any CPU.Build.0 = Debug|Any CPU
		{5C025A5B-2E17-472B-872E-C0570C02D576}.Debug|Mixed Platforms.ActiveCfg = Debug|Any CPU
		{5C025A5B-2E17-472B-872E-C0570C02D576}.Debug|Mixed Platforms.Build.0 = Debug|Any CPU
		{5C025A5B-2E17-472B-872E-C0570C02D576}.Debug|x86.ActiveCfg = Debug|Any CPU
		{5C025A5B-2E17-472B-872E-C0570C02D576}.Release|Any CPU.ActiveCfg = Release|Any CPU
		{5C025A5B-2E17-472B-872E-C0570C02D576}.Release|Any CPU.Build.0 = Release|Any CPU
		{5C025A5B-2E17-472B-872E-C0570C02D576}.Release|Mixed Platforms.ActiveCfg = Release|Any CPU
		{5C025A5B-2E17-472B-872E-C0570C02D576}.Release|Mixed Platforms.Build.0 = Release|Any CPU
		{5C025A5B-2E17-472B-872E-C0570C02D576}.Release|x86.ActiveCfg = Release|Any CPU
		{655A437B-E6F9-4F40-923C-0FDB445C5280}.Debug|Any CPU.ActiveCfg = Debug|x86
		{655A437B-E6F9-4F40-923C-0FDB445C5280}.Debug|Mixed Platforms.ActiveCfg = Debug|x86
		{655A437B-E6F9-4F40-923C-0FDB445C5280}.Debug|Mixed Platforms.Build.0 = Debug|x86
		{655A437B-E6F9-4F40-923C-0FDB445C5280}.Debug|x86.ActiveCfg = Debug|x86
		{655A437B-E6F9-4F40-923C-0FDB445C5280}.Debug|x86.Build.0 = Debug|x86
		{655A437B-E6F9-4F40-923C-0FDB445C5280}.Release|Any CPU.ActiveCfg = Release|x86
		{655A437B-E6F9-4F40-923C-0FDB445C5280}.Release|Mixed Platforms.ActiveCfg = Release|x86
		{655A437B-E6F9-4F40-923C-0FDB445C5280}.Release|Mixed Platforms.Build.0 = Release|x86
		{655A437B-E6F9-4F40-923C-0FDB445C5280}.Release|x86.ActiveCfg = Release|x86
		{655A437B-E6F9-4F40-923C-0FDB445C5280}.Release|x86.Build.0 = Release|x86
		{ED6626D8-6BD4-4708-ACD3-291D353D7F4B}.Debug|Any CPU.ActiveCfg = Debug|Any CPU
		{ED6626D8-6BD4-4708-ACD3-291D353D7F4B}.Debug|Any CPU.Build.0 = Debug|Any CPU
		{ED6626D8-6BD4-4708-ACD3-291D353D7F4B}.Debug|Mixed Platforms.ActiveCfg = Debug|Any CPU
		{ED6626D8-6BD4-4708-ACD3-291D353D7F4B}.Debug|Mixed Platforms.Build.0 = Debug|Any CPU
		{ED6626D8-6BD4-4708-ACD3-291D353D7F4B}.Debug|x86.ActiveCfg = Debug|Any CPU
		{ED6626D8-6BD4-4708-ACD3-291D353D7F4B}.Release|Any CPU.ActiveCfg = Release|Any CPU
		{ED6626D8-6BD4-4708-ACD3-291D353D7F4B}.Release|Any CPU.Build.0 = Release|Any CPU
		{ED6626D8-6BD4-4708-ACD3-291D353D7F4B}.Release|Mixed Platforms.ActiveCfg = Release|Any CPU
		{ED6626D8-6BD4-4708-ACD3-291D353D7F4B}.Release|Mixed Platforms.Build.0 = Release|Any CPU
		{ED6626D8-6BD4-4708-ACD3-291D353D7F4B}.Release|x86.ActiveCfg = Release|Any CPU
	EndGlobalSection
	GlobalSection(SolutionProperties) = preSolution
		HideSolutionNode = FALSE
	EndGlobalSection
EndGlobal
